lockVersion: 2.0.0
id: 04bab484-dda9-4d66-b0e0-ba350850746f
management:
  docChecksum: aeee7326bc765e413ed2ebcae82f4ae9
  docVersion: 1.0.0
  speakeasyVersion: 1.600.2
  generationVersion: 2.677.3
  releaseVersion: 0.1.0
  configChecksum: a4f30f17e4def7442145825770fed12b
  repoURL: https://github.com/MpesaFlow/mpesaflow-typescript.git
  installationURL: https://github.com/MpesaFlow/mpesaflow-typescript
  published: true
features:
  typescript:
    additionalDependencies: 0.1.0
    constsAndDefaults: 0.1.12
    core: 3.21.20
    defaultEnabledRetries: 0.1.0
    devContainers: 2.90.0
    enumUnions: 0.1.0
    envVarSecurityUsage: 0.1.2
    errors: 2.86.0
    examples: 2.82.2
    globalSecurity: 2.82.13
    globalSecurityCallbacks: 0.1.0
    globalSecurityFlattening: 0.1.0
    globalServerURLs: 2.82.5
    methodArguments: 0.1.2
    nameOverrides: 2.81.2
    nullables: 0.1.1
    pagination: 2.83.0
    responseFormat: 0.2.3
    retries: 2.83.0
    sdkHooks: 0.3.0
generatedFiles:
  - .devcontainer/README.md
  - .devcontainer/devcontainer.json
  - .devcontainer/setup.sh
  - .gitattributes
  - .npmignore
  - FUNCTIONS.md
  - RUNTIMES.md
  - USAGE.md
  - docs/lib/utils/retryconfig.md
  - docs/models/customerresponse.md
  - docs/models/environment.md
  - docs/models/errors/internalservererror.md
  - docs/models/errors/invalidapikeyerror.md
  - docs/models/errors/missingapikeyerror.md
  - docs/models/errors/notfounderror.md
  - docs/models/errors/toomanyrequestserror.md
  - docs/models/errors/validationerror.md
  - docs/models/internalservererrorerror.md
  - docs/models/invalidapikeyerrorerror.md
  - docs/models/meta.md
  - docs/models/missingapikeyerrorerror.md
  - docs/models/notfounderrorerror.md
  - docs/models/operations/createrequest.md
  - docs/models/operations/deleterequest.md
  - docs/models/operations/getcustomerrequest.md
  - docs/models/operations/listcustomersrequest.md
  - docs/models/operations/listcustomersresponse.md
  - docs/models/operations/sortfield.md
  - docs/models/operations/sortorder.md
  - docs/models/operations/updaterequest.md
  - docs/models/operations/updaterequestbody.md
  - docs/models/paginateddata.md
  - docs/models/security.md
  - docs/models/toomanyrequestserrorerror.md
  - docs/models/validation.md
  - docs/models/validationerrorerror.md
  - docs/sdks/customers/README.md
  - docs/sdks/mpesaflow/README.md
  - eslint.config.mjs
  - examples/.env.template
  - examples/README.md
  - examples/customersList.example.ts
  - examples/package.json
  - jsr.json
  - package.json
  - src/core.ts
  - src/funcs/customersCreate.ts
  - src/funcs/customersDelete.ts
  - src/funcs/customersGetOne.ts
  - src/funcs/customersList.ts
  - src/funcs/customersUpdate.ts
  - src/hooks/hooks.ts
  - src/hooks/index.ts
  - src/hooks/types.ts
  - src/index.ts
  - src/lib/base64.ts
  - src/lib/config.ts
  - src/lib/dlv.ts
  - src/lib/encodings.ts
  - src/lib/env.ts
  - src/lib/files.ts
  - src/lib/http.ts
  - src/lib/is-plain-object.ts
  - src/lib/logger.ts
  - src/lib/matchers.ts
  - src/lib/primitives.ts
  - src/lib/retries.ts
  - src/lib/schemas.ts
  - src/lib/sdks.ts
  - src/lib/security.ts
  - src/lib/url.ts
  - src/models/customerresponse.ts
  - src/models/environment.ts
  - src/models/errors/httpclienterrors.ts
  - src/models/errors/index.ts
  - src/models/errors/internalservererror.ts
  - src/models/errors/invalidapikeyerror.ts
  - src/models/errors/missingapikeyerror.ts
  - src/models/errors/mpesaflowdefaulterror.ts
  - src/models/errors/mpesaflowerror.ts
  - src/models/errors/notfounderror.ts
  - src/models/errors/responsevalidationerror.ts
  - src/models/errors/sdkvalidationerror.ts
  - src/models/errors/toomanyrequestserror.ts
  - src/models/errors/validationerror.ts
  - src/models/index.ts
  - src/models/internalservererror.ts
  - src/models/invalidapikeyerror.ts
  - src/models/missingapikeyerror.ts
  - src/models/notfounderror.ts
  - src/models/operations/create.ts
  - src/models/operations/delete.ts
  - src/models/operations/getcustomer.ts
  - src/models/operations/index.ts
  - src/models/operations/listcustomers.ts
  - src/models/operations/update.ts
  - src/models/paginateddata.ts
  - src/models/security.ts
  - src/models/toomanyrequestserror.ts
  - src/models/validationerror.ts
  - src/sdk/customers.ts
  - src/sdk/index.ts
  - src/sdk/sdk.ts
  - src/types/async.ts
  - src/types/blobs.ts
  - src/types/constdatetime.ts
  - src/types/enums.ts
  - src/types/fp.ts
  - src/types/index.ts
  - src/types/operations.ts
  - src/types/rfcdate.ts
  - src/types/streams.ts
  - tsconfig.json
examples:
  listCustomers:
    speakeasy-default-list-customers:
      parameters:
        query:
          q: "John Doe"
          cursor: "eyJpZCI6IjEyMyJ9"
          limit: 10
          start: "2024-04-01T00:00:00.000Z"
          end: "2024-04-30T23:59:59.999Z"
          sort: ["createdAt", "desc"]
          sortOrder: "desc"
          sortField: "createdAt"
      responses:
        "200":
          application/json: {"data": [], "meta": {"cursor": "eyJpZCI6IjEyMyJ9", "hasPreviousPage": false, "hasNextPage": true}}
        "401":
          application/json: {"error": {"status": 401, "code": "missing_api_key", "message": "Missing API key in the authorization header."}}
        "403":
          application/json: {"error": {"status": 403, "code": "invalid_api_key", "message": "API key is invalid."}}
        "422":
          application/json: {"error": {"status": 422, "code": "validation_error", "message": "We found an error with one or more fields in the request.", "validation": [{"field": "email", "message": "Invalid email format", "expected": "valid_email"}, {"field": "age", "message": "Expected number, received string", "expected": "number"}]}}
        "429":
          application/json: {"error": {"status": 429, "code": "too_many_requests", "message": "Too many requests, please try again later."}}
        "500":
          application/json: {"error": {"status": 500, "code": "internal_server_error", "message": "An unexpected error occurred."}}
  getCustomer:
    speakeasy-default-get-customer:
      parameters:
        path:
          id: "cus_GqfKXLmg61LURZhB"
      responses:
        "200":
          application/json: {"id": "cus_GqfKXLmg61LURZhB", "object": "customer", "environment": "development", "name": "John Doe", "phoneNumber": "254712345678", "createdAt": "2021-01-01T00:00:00Z", "lastActiveAt": "2021-01-01T00:00:00Z"}
        "401":
          application/json: {"error": {"status": 401, "code": "missing_api_key", "message": "Missing API key in the authorization header."}}
        "403":
          application/json: {"error": {"status": 403, "code": "invalid_api_key", "message": "API key is invalid."}}
        "404":
          application/json: {"error": {"status": 404, "code": "not_found", "message": "The requested endpoint does not exist."}}
        "422":
          application/json: {"error": {"status": 422, "code": "validation_error", "message": "We found an error with one or more fields in the request.", "validation": [{"field": "email", "message": "Invalid email format", "expected": "valid_email"}, {"field": "age", "message": "Expected number, received string", "expected": "number"}]}}
        "429":
          application/json: {"error": {"status": 429, "code": "too_many_requests", "message": "Too many requests, please try again later."}}
        "500":
          application/json: {"error": {"status": 500, "code": "internal_server_error", "message": "An unexpected error occurred."}}
  express:
    speakeasy-default-express:
      requestBody:
        application/json: {"phoneNumber": "254712345678", "amount": "100.00", "transactionDesc": "mpesaflow", "type": "payment", "customerName": "John Doe", "accountReference": "mpesaflow"}
      responses:
        "200":
          application/json: {"status": "completed", "message": "Transaction completed successfully", "amount": "100.00", "phoneNumber": "254712345678", "transactionId": "trxn_YGZBY32PBBavYbhL", "type": "payment", "timestamp": "2025-07-13T18:10:00Z"}
        "401":
          application/json: {"error": {"code": "missing_api_key", "status": 401, "message": "Missing API key in the authorization header."}}
        "403":
          application/json: {"error": {"code": "invalid_api_key", "status": 403, "message": "API key is invalid."}}
        "422":
          application/json: {"error": {"code": "validation_error", "status": 422, "message": "We found an error with one or more fields in the request.", "validation": [{"field": "email", "message": "Invalid email format"}, {"field": "name", "message": "Name is required"}]}}
        "429":
          application/json: {"error": {"code": "too_many_requests", "status": 429, "message": "Too many requests, please try again later."}}
        "500":
          application/json: {"error": {"code": "internal_server_error", "status": 500, "message": "An unexpected error occurred."}}
  listTransactions:
    speakeasy-default-list-transactions:
      parameters:
        query:
          q: "John Doe"
          cursor: "eyJpZCI6IjEyMyJ9"
          customerId: "cus_12345"
          statuses: ["pending", "completed"]
          amountRange: [100, 1000]
          amount: ["150.75", "299.99"]
          limit: 10
          start: "2024-04-01T00:00:00.000Z"
          end: "2024-04-30T23:59:59.999Z"
          sort: ["createdAt", "desc"]
      responses:
        "200":
          application/json: {"data": [{"id": "trxn_YGZBY32PBBavYbhL", "customerId": "cus_GqfKXLmg61LURZhB", "object": "transaction", "environment": "development", "type": "payment", "amount": "1000", "currency": "KES", "status": "completed", "phoneNumber": "254712345678", "metadata": {}, "failureReason": null, "createdAt": "2021-01-01T00:00:00Z", "paidAt": "2021-01-01T00:00:00Z", "failedAt": null}], "next_cursor": "eyJpZCI6IjEyMyJ9", "limit": 10}
        "401":
          application/json: {"error": {"code": "missing_api_key", "status": 401, "message": "Missing API key in the authorization header."}}
        "403":
          application/json: {"error": {"code": "invalid_api_key", "status": 403, "message": "API key is invalid."}}
        "422":
          application/json: {"error": {"code": "validation_error", "status": 422, "message": "We found an error with one or more fields in the request.", "validation": [{"field": "email", "message": "Invalid email format"}, {"field": "name", "message": "Name is required"}]}}
        "429":
          application/json: {"error": {"code": "too_many_requests", "status": 429, "message": "Too many requests, please try again later."}}
        "500":
          application/json: {"error": {"code": "internal_server_error", "status": 500, "message": "An unexpected error occurred."}}
  getTransaction:
    speakeasy-default-get-transaction:
      parameters:
        path:
          id: "trxn_YGZBY32PBBavYbhL"
      responses:
        "200":
          application/json: {"id": "trxn_YGZBY32PBBavYbhL", "customerId": "cus_GqfKXLmg61LURZhB", "object": "transaction", "environment": "development", "type": "payment", "amount": "1000", "currency": "KES", "status": "completed", "phoneNumber": "254712345678", "metadata": {}, "failureReason": null, "createdAt": "2021-01-01T00:00:00Z", "paidAt": "2021-01-01T00:00:00Z", "failedAt": null}
        "401":
          application/json: {"error": {"code": "missing_api_key", "status": 401, "message": "Missing API key in the authorization header."}}
        "403":
          application/json: {"error": {"code": "invalid_api_key", "status": 403, "message": "API key is invalid."}}
        "404":
          application/json: {"error": {"code": "not_found", "status": 404, "message": "The requested endpoint does not exist."}}
        "422":
          application/json: {"error": {"code": "validation_error", "status": 422, "message": "We found an error with one or more fields in the request.", "validation": [{"field": "email", "message": "Invalid email format"}, {"field": "name", "message": "Name is required"}]}}
        "429":
          application/json: {"error": {"code": "too_many_requests", "status": 429, "message": "Too many requests, please try again later."}}
        "500":
          application/json: {"error": {"code": "internal_server_error", "status": 500, "message": "An unexpected error occurred."}}
  create:
    speakeasy-default-create:
      requestBody:
        application/json: {"name": "John Doe", "phoneNumber": "254712345678"}
      responses:
        "200":
          application/json: {"id": "cus_GqfKXLmg61LURZhB", "object": "customer", "environment": "development", "name": "John Doe", "phoneNumber": "254712345678", "createdAt": "2021-01-01T00:00:00Z", "lastActiveAt": "2021-01-01T00:00:00Z"}
        "401":
          application/json: {"error": {"status": 401, "code": "missing_api_key", "message": "Missing API key in the authorization header."}}
        "403":
          application/json: {"error": {"status": 403, "code": "invalid_api_key", "message": "API key is invalid."}}
        "422":
          application/json: {"error": {"status": 422, "code": "validation_error", "message": "We found an error with one or more fields in the request.", "validation": [{"field": "email", "message": "Invalid email format", "expected": "valid_email"}, {"field": "age", "message": "Expected number, received string", "expected": "number"}]}}
        "429":
          application/json: {"error": {"status": 429, "code": "too_many_requests", "message": "Too many requests, please try again later."}}
        "500":
          application/json: {"error": {"status": 500, "code": "internal_server_error", "message": "An unexpected error occurred."}}
  update:
    speakeasy-default-update:
      parameters:
        path:
          id: "cus_GqfKXLmg61LURZhB"
      requestBody:
        application/json: {"name": "John Doe", "phoneNumber": "254712345678"}
      responses:
        "200":
          application/json: {"id": "cus_GqfKXLmg61LURZhB", "object": "customer", "environment": "development", "name": "John Doe", "phoneNumber": "254712345678", "createdAt": "2021-01-01T00:00:00Z", "lastActiveAt": "2021-01-01T00:00:00Z"}
        "401":
          application/json: {"error": {"status": 401, "code": "missing_api_key", "message": "Missing API key in the authorization header."}}
        "403":
          application/json: {"error": {"status": 403, "code": "invalid_api_key", "message": "API key is invalid."}}
        "422":
          application/json: {"error": {"status": 422, "code": "validation_error", "message": "We found an error with one or more fields in the request.", "validation": [{"field": "email", "message": "Invalid email format", "expected": "valid_email"}, {"field": "age", "message": "Expected number, received string", "expected": "number"}]}}
        "429":
          application/json: {"error": {"status": 429, "code": "too_many_requests", "message": "Too many requests, please try again later."}}
        "500":
          application/json: {"error": {"status": 500, "code": "internal_server_error", "message": "An unexpected error occurred."}}
  delete:
    speakeasy-default-delete:
      parameters:
        path:
          id: "cus_GqfKXLmg61LURZhB"
      responses:
        "200":
          application/json: "cus_GqfKXLmg61LURZhB"
        "401":
          application/json: {"error": {"status": 401, "code": "missing_api_key", "message": "Missing API key in the authorization header."}}
        "403":
          application/json: {"error": {"status": 403, "code": "invalid_api_key", "message": "API key is invalid."}}
        "404":
          application/json: {"error": {"status": 404, "code": "not_found", "message": "The requested endpoint does not exist."}}
        "422":
          application/json: {"error": {"status": 422, "code": "validation_error", "message": "We found an error with one or more fields in the request.", "validation": [{"field": "email", "message": "Invalid email format", "expected": "valid_email"}, {"field": "age", "message": "Expected number, received string", "expected": "number"}]}}
        "429":
          application/json: {"error": {"status": 429, "code": "too_many_requests", "message": "Too many requests, please try again later."}}
        "500":
          application/json: {"error": {"status": 500, "code": "internal_server_error", "message": "An unexpected error occurred."}}
examplesVersion: 1.0.2
