speakeasyVersion: 1.546.1
sources:
    MpesaFlow API:
        sourceNamespace: mpesa-flow-api
        sourceRevisionDigest: sha256:5914189990c365e22e3e167e698cac06e1853a161ac21c9cddc00989a5d1dbf3
        sourceBlobDigest: sha256:d791272eabdd86dd6a2237c1f9362926df6dbc5033ca4d5035f0d85e9948f93b
        tags:
            - latest
            - speakeasy-sdk-regen-1747243288
            - 1.0.0
targets:
    mpesa-flow:
        source: MpesaFlow API
        sourceNamespace: mpesa-flow-api
        sourceRevisionDigest: sha256:5914189990c365e22e3e167e698cac06e1853a161ac21c9cddc00989a5d1dbf3
        sourceBlobDigest: sha256:d791272eabdd86dd6a2237c1f9362926df6dbc5033ca4d5035f0d85e9948f93b
        codeSamplesNamespace: mpesa-flow-api-typescript-code-samples
        codeSamplesRevisionDigest: sha256:0830cff3807b6916e7707eeaab6b0f7ee24728691f587c59ae4e193e86f9c739
workflow:
    workflowVersion: 1.0.0
    speakeasyVersion: latest
    sources:
        MpesaFlow API:
            inputs:
                - location: https://api.mpesaflow.com/v1/openapi
            overlays:
                - location: .speakeasy/speakeasy-modifications-overlay.yaml
            registry:
                location: registry.speakeasyapi.dev/mpesaflow/sdks/mpesa-flow-api
    targets:
        mpesa-flow:
            target: typescript
            source: MpesaFlow API
            publish:
                npm:
                    token: $npm_token
            codeSamples:
                registry:
                    location: registry.speakeasyapi.dev/mpesaflow/sdks/mpesa-flow-api-typescript-code-samples
                labelOverride:
                    fixedValue: Typescript (SDK)
                blocking: false
